
Microsoft Visual Studio Solution File, Format Version 12.00
# Visual Studio Version 17
VisualStudioVersion = 17.6.33829.357
MinimumVisualStudioVersion = 10.0.40219.1
Project("{9A19103F-16F7-4668-BE54-9A1E7A4F7556}") = "Employee Records Management Web API", "Employee Records Management Web API.csproj", "{CE9D4C7B-CCA4-40F5-937B-CA3672CBDF7C}"
EndProject
Project("{9A19103F-16F7-4668-BE54-9A1E7A4F7556}") = "Employee Records Management MVC", "..\Employee Records Management MVC\Employee Records Management MVC.csproj", "{484DD390-60EF-4410-AB11-C71CADDE610E}"
EndProject
Global
	GlobalSection(SolutionConfigurationPlatforms) = preSolution
		Debug|Any CPU = Debug|Any CPU
		Release|Any CPU = Release|Any CPU
	EndGlobalSection
	GlobalSection(ProjectConfigurationPlatforms) = postSolution
		{CE9D4C7B-CCA4-40F5-937B-CA3672CBDF7C}.Debug|Any CPU.ActiveCfg = Debug|Any CPU
		{CE9D4C7B-CCA4-40F5-937B-CA3672CBDF7C}.Debug|Any CPU.Build.0 = Debug|Any CPU
		{CE9D4C7B-CCA4-40F5-937B-CA3672CBDF7C}.Release|Any CPU.ActiveCfg = Release|Any CPU
		{CE9D4C7B-CCA4-40F5-937B-CA3672CBDF7C}.Release|Any CPU.Build.0 = Release|Any CPU
		{484DD390-60EF-4410-AB11-C71CADDE610E}.Debug|Any CPU.ActiveCfg = Debug|Any CPU
		{484DD390-60EF-4410-AB11-C71CADDE610E}.Debug|Any CPU.Build.0 = Debug|Any CPU
		{484DD390-60EF-4410-AB11-C71CADDE610E}.Release|Any CPU.ActiveCfg = Release|Any CPU
		{484DD390-60EF-4410-AB11-C71CADDE610E}.Release|Any CPU.Build.0 = Release|Any CPU
	EndGlobalSection
	GlobalSection(SolutionProperties) = preSolution
		HideSolutionNode = FALSE
	EndGlobalSection
	GlobalSection(ExtensibilityGlobals) = postSolution
		SolutionGuid = {DD7B2DFB-8A09-4D46-8923-6C4549CD9060}
	EndGlobalSection
EndGlobal
